
Microsoft Visual Studio Solution File, Format Version 12.00
# Visual Studio Version 17
VisualStudioVersion = 17.14.36603.0 d17.14
MinimumVisualStudioVersion = 10.0.40219.1
Project("{FAE04EC0-301F-11D3-BF4B-00C04F79EFBC}") = "Infrastructure", "Infrastructure\Infrastructure.csproj", "{70A15781-09C9-4E8D-91AA-01CE18CF9FB5}"
EndProject
Project("{FAE04EC0-301F-11D3-BF4B-00C04F79EFBC}") = "Presentation", "Presentation\Presentation.csproj", "{5000B97D-0999-4B7E-ABC9-835D4477F08F}"
EndProject
Project("{FAE04EC0-301F-11D3-BF4B-00C04F79EFBC}") = "Tests", "Tests\Tests.csproj", "{F15F55D7-FBF2-49C5-8B74-591C3FC3FDB5}"
EndProject
Global
	GlobalSection(SolutionConfigurationPlatforms) = preSolution
		Debug|Any CPU = Debug|Any CPU
		Release|Any CPU = Release|Any CPU
	EndGlobalSection
	GlobalSection(ProjectConfigurationPlatforms) = postSolution
		{70A15781-09C9-4E8D-91AA-01CE18CF9FB5}.Debug|Any CPU.ActiveCfg = Debug|Any CPU
		{70A15781-09C9-4E8D-91AA-01CE18CF9FB5}.Debug|Any CPU.Build.0 = Debug|Any CPU
		{70A15781-09C9-4E8D-91AA-01CE18CF9FB5}.Release|Any CPU.ActiveCfg = Release|Any CPU
		{70A15781-09C9-4E8D-91AA-01CE18CF9FB5}.Release|Any CPU.Build.0 = Release|Any CPU
		{5000B97D-0999-4B7E-ABC9-835D4477F08F}.Debug|Any CPU.ActiveCfg = Debug|Any CPU
		{5000B97D-0999-4B7E-ABC9-835D4477F08F}.Debug|Any CPU.Build.0 = Debug|Any CPU
		{5000B97D-0999-4B7E-ABC9-835D4477F08F}.Release|Any CPU.ActiveCfg = Release|Any CPU
		{5000B97D-0999-4B7E-ABC9-835D4477F08F}.Release|Any CPU.Build.0 = Release|Any CPU
		{F15F55D7-FBF2-49C5-8B74-591C3FC3FDB5}.Debug|Any CPU.ActiveCfg = Debug|Any CPU
		{F15F55D7-FBF2-49C5-8B74-591C3FC3FDB5}.Debug|Any CPU.Build.0 = Debug|Any CPU
		{F15F55D7-FBF2-49C5-8B74-591C3FC3FDB5}.Release|Any CPU.ActiveCfg = Release|Any CPU
		{F15F55D7-FBF2-49C5-8B74-591C3FC3FDB5}.Release|Any CPU.Build.0 = Release|Any CPU
	EndGlobalSection
	GlobalSection(SolutionProperties) = preSolution
		HideSolutionNode = FALSE
	EndGlobalSection
	GlobalSection(ExtensibilityGlobals) = postSolution
		SolutionGuid = {EECCB285-B91A-423D-992C-A9C71B89E634}
	EndGlobalSection
EndGlobal
